
Microsoft Visual Studio Solution File, Format Version 12.00
# Visual Studio Version 17
Project("{8BC9CEB8-8B4A-11D0-8D11-00A0C91BC942}") = "ALL_BUILD", "ALL_BUILD.vcxproj", "{83D7BC17-C50E-3482-B9F0-9DCB6E9E27E5}"
	ProjectSection(ProjectDependencies) = postProject
		{78A69FA4-2766-3D73-BB7C-0A2E7B0A8FAF} = {78A69FA4-2766-3D73-BB7C-0A2E7B0A8FAF}
		{ACAF1972-D87F-312D-8DAF-EAE2DA71CBF0} = {ACAF1972-D87F-312D-8DAF-EAE2DA71CBF0}
	EndProjectSection
EndProject
Project("{8BC9CEB8-8B4A-11D0-8D11-00A0C91BC942}") = "AuraShell", "AuraShell.vcxproj", "{78A69FA4-2766-3D73-BB7C-0A2E7B0A8FAF}"
	ProjectSection(ProjectDependencies) = postProject
		{ACAF1972-D87F-312D-8DAF-EAE2DA71CBF0} = {ACAF1972-D87F-312D-8DAF-EAE2DA71CBF0}
	EndProjectSection
EndProject
Project("{8BC9CEB8-8B4A-11D0-8D11-00A0C91BC942}") = "ZERO_CHECK", "ZERO_CHECK.vcxproj", "{ACAF1972-D87F-312D-8DAF-EAE2DA71CBF0}"
	ProjectSection(ProjectDependencies) = postProject
	EndProjectSection
EndProject
Global
	GlobalSection(SolutionConfigurationPlatforms) = preSolution
		Debug|x64 = Debug|x64
		Release|x64 = Release|x64
		MinSizeRel|x64 = MinSizeRel|x64
		RelWithDebInfo|x64 = RelWithDebInfo|x64
	EndGlobalSection
	GlobalSection(ProjectConfigurationPlatforms) = postSolution
		{83D7BC17-C50E-3482-B9F0-9DCB6E9E27E5}.Debug|x64.ActiveCfg = Debug|x64
		{83D7BC17-C50E-3482-B9F0-9DCB6E9E27E5}.Release|x64.ActiveCfg = Release|x64
		{83D7BC17-C50E-3482-B9F0-9DCB6E9E27E5}.MinSizeRel|x64.ActiveCfg = MinSizeRel|x64
		{83D7BC17-C50E-3482-B9F0-9DCB6E9E27E5}.RelWithDebInfo|x64.ActiveCfg = RelWithDebInfo|x64
		{78A69FA4-2766-3D73-BB7C-0A2E7B0A8FAF}.Debug|x64.ActiveCfg = Debug|x64
		{78A69FA4-2766-3D73-BB7C-0A2E7B0A8FAF}.Debug|x64.Build.0 = Debug|x64
		{78A69FA4-2766-3D73-BB7C-0A2E7B0A8FAF}.Release|x64.ActiveCfg = Release|x64
		{78A69FA4-2766-3D73-BB7C-0A2E7B0A8FAF}.Release|x64.Build.0 = Release|x64
		{78A69FA4-2766-3D73-BB7C-0A2E7B0A8FAF}.MinSizeRel|x64.ActiveCfg = MinSizeRel|x64
		{78A69FA4-2766-3D73-BB7C-0A2E7B0A8FAF}.MinSizeRel|x64.Build.0 = MinSizeRel|x64
		{78A69FA4-2766-3D73-BB7C-0A2E7B0A8FAF}.RelWithDebInfo|x64.ActiveCfg = RelWithDebInfo|x64
		{78A69FA4-2766-3D73-BB7C-0A2E7B0A8FAF}.RelWithDebInfo|x64.Build.0 = RelWithDebInfo|x64
		{ACAF1972-D87F-312D-8DAF-EAE2DA71CBF0}.Debug|x64.ActiveCfg = Debug|x64
		{ACAF1972-D87F-312D-8DAF-EAE2DA71CBF0}.Debug|x64.Build.0 = Debug|x64
		{ACAF1972-D87F-312D-8DAF-EAE2DA71CBF0}.Release|x64.ActiveCfg = Release|x64
		{ACAF1972-D87F-312D-8DAF-EAE2DA71CBF0}.Release|x64.Build.0 = Release|x64
		{ACAF1972-D87F-312D-8DAF-EAE2DA71CBF0}.MinSizeRel|x64.ActiveCfg = MinSizeRel|x64
		{ACAF1972-D87F-312D-8DAF-EAE2DA71CBF0}.MinSizeRel|x64.Build.0 = MinSizeRel|x64
		{ACAF1972-D87F-312D-8DAF-EAE2DA71CBF0}.RelWithDebInfo|x64.ActiveCfg = RelWithDebInfo|x64
		{ACAF1972-D87F-312D-8DAF-EAE2DA71CBF0}.RelWithDebInfo|x64.Build.0 = RelWithDebInfo|x64
	EndGlobalSection
	GlobalSection(ExtensibilityGlobals) = postSolution
		SolutionGuid = {42830152-E487-382E-864A-FF478F7003FF}
	EndGlobalSection
	GlobalSection(ExtensibilityAddIns) = postSolution
	EndGlobalSection
EndGlobal
