<?xml version="1.0" encoding="utf-8"?>
<Project ToolsVersion="17.0" xmlns="http://schemas.microsoft.com/developer/msbuild/2003">
  <ItemGroup>
    <ClCompile Include="D:\AuraShell__\AuraShell\src\main.c">
      <Filter>Source Files</Filter>
    </ClCompile>
    <ClCompile Include="D:\AuraShell__\AuraShell\src\shell.c">
      <Filter>Source Files</Filter>
    </ClCompile>
    <ClCompile Include="D:\AuraShell__\AuraShell\src\parser.c">
      <Filter>Source Files</Filter>
    </ClCompile>
    <ClCompile Include="D:\AuraShell__\AuraShell\src\commands.c">
      <Filter>Source Files</Filter>
    </ClCompile>
    <ClCompile Include="D:\AuraShell__\AuraShell\src\process.c">
      <Filter>Source Files</Filter>
    </ClCompile>
    <ClCompile Include="D:\AuraShell__\AuraShell\src\history.c">
      <Filter>Source Files</Filter>
    </ClCompile>
    <ClCompile Include="D:\AuraShell__\AuraShell\src\theme.c">
      <Filter>Source Files</Filter>
    </ClCompile>
    <ClCompile Include="D:\AuraShell__\AuraShell\src\alias.c">
      <Filter>Source Files</Filter>
    </ClCompile>
    <ClCompile Include="D:\AuraShell__\AuraShell\src\voice.c">
      <Filter>Source Files</Filter>
    </ClCompile>
  </ItemGroup>
  <ItemGroup>
    <CustomBuild Include="D:\AuraShell__\AuraShell\CMakeLists.txt" />
  </ItemGroup>
  <ItemGroup>
    <Filter Include="Source Files">
      <UniqueIdentifier>{13384BE5-D2B0-3900-B4DA-03198CF28336}</UniqueIdentifier>
    </Filter>
  </ItemGroup>
</Project>
